# This file is generated by running "yarn install" inside your project.
# Manual changes might be lost - proceed with caution!

__metadata:
  version: 8
  cacheKey: 10c0

"@cmdshepard/api-client@workspace:.":
  version: 0.0.0-use.local
  resolution: "@cmdshepard/api-client@workspace:."
  dependencies:
    cross-fetch: "npm:^4.1.0"
    fetch-retry: "npm:^6.0.0"
  languageName: unknown
  linkType: soft

"cross-fetch@npm:^4.1.0":
  version: 4.1.0
  resolution: "cross-fetch@npm:4.1.0"
  dependencies:
    node-fetch: "npm:^2.7.0"
  checksum: 10c0/628b134ea27cfcada67025afe6ef1419813fffc5d63d175553efa75a2334522d450300a0f3f0719029700da80e96327930709d5551cf6deb39bb62f1d536642e
  languageName: node
  linkType: hard

"fetch-retry@npm:^6.0.0":
  version: 6.0.0
  resolution: "fetch-retry@npm:6.0.0"
  checksum: 10c0/8e275b042ff98041236d30b71966f24c34ff19f957bb0f00e664754bd63d0dfb5122d091e7d5bca21f6370d88a1713d22421b33471305d7b86d6799427278802
  languageName: node
  linkType: hard

"node-fetch@npm:^2.7.0":
  version: 2.7.0
  resolution: "node-fetch@npm:2.7.0"
  dependencies:
    whatwg-url: "npm:^5.0.0"
  peerDependencies:
    encoding: ^0.1.0
  peerDependenciesMeta:
    encoding:
      optional: true
  checksum: 10c0/b55786b6028208e6fbe594ccccc213cab67a72899c9234eb59dba51062a299ea853210fcf526998eaa2867b0963ad72338824450905679ff0fa304b8c5093ae8
  languageName: node
  linkType: hard

"tr46@npm:~0.0.3":
  version: 0.0.3
  resolution: "tr46@npm:0.0.3"
  checksum: 10c0/047cb209a6b60c742f05c9d3ace8fa510bff609995c129a37ace03476a9b12db4dbf975e74600830ef0796e18882b2381fb5fb1f6b4f96b832c374de3ab91a11
  languageName: node
  linkType: hard

"webidl-conversions@npm:^3.0.0":
  version: 3.0.1
  resolution: "webidl-conversions@npm:3.0.1"
  checksum: 10c0/5612d5f3e54760a797052eb4927f0ddc01383550f542ccd33d5238cfd65aeed392a45ad38364970d0a0f4fea32e1f4d231b3d8dac4a3bdd385e5cf802ae097db
  languageName: node
  linkType: hard

"whatwg-url@npm:^5.0.0":
  version: 5.0.0
  resolution: "whatwg-url@npm:5.0.0"
  dependencies:
    tr46: "npm:~0.0.3"
    webidl-conversions: "npm:^3.0.0"
  checksum: 10c0/1588bed84d10b72d5eec1d0faa0722ba1962f1821e7539c535558fb5398d223b0c50d8acab950b8c488b4ba69043fd833cc2697056b167d8ad46fac3995a55d5
  languageName: node
  linkType: hard
